
Microsoft Visual Studio Solution File, Format Version 12.00
# Visual Studio Version 16
VisualStudioVersion = 16.0.29215.179
MinimumVisualStudioVersion = 10.0.40219.1
Project("{FAE04EC0-301F-11D3-BF4B-00C04F79EFBC}") = "ExcelLinqApp", "ExcelLinqApp.csproj", "{9345B1C5-28EF-4A49-A476-D846EF3BDA28}"
EndProject
Global
	GlobalSection(SolutionConfigurationPlatforms) = preSolution
		Debug|Any CPU = Debug|Any CPU
		Release|Any CPU = Release|Any CPU
	EndGlobalSection
	GlobalSection(ProjectConfigurationPlatforms) = postSolution
		{9345B1C5-28EF-4A49-A476-D846EF3BDA28}.Debug|Any CPU.ActiveCfg = Debug|Any CPU
		{9345B1C5-28EF-4A49-A476-D846EF3BDA28}.Debug|Any CPU.Build.0 = Debug|Any CPU
		{9345B1C5-28EF-4A49-A476-D846EF3BDA28}.Release|Any CPU.ActiveCfg = Release|Any CPU
		{9345B1C5-28EF-4A49-A476-D846EF3BDA28}.Release|Any CPU.Build.0 = Release|Any CPU
	EndGlobalSection
	GlobalSection(SolutionProperties) = preSolution
		HideSolutionNode = FALSE
	EndGlobalSection
	GlobalSection(ExtensibilityGlobals) = postSolution
		SolutionGuid = {A39F5B96-EFA8-4937-B5CF-A30112CFA5B2}
	EndGlobalSection
EndGlobal
